// !$*UTF8*$!
{
	archiveVersion = 1;
	classes = {
	};
	objectVersion = 46;
	objects = {

/* Begin PBXBuildFile section */
		1F87CB5C62AA41F5C648A4B5 /* Pods.framework in Frameworks */ = {isa = PBXBuildFile; fileRef = 9321DAD084FF7E80C80E53E9 /* Pods.framework */; settings = {ATTRIBUTES = (Weak, ); }; };
		8BECA46167AEC165AF1961E8 /* Pods.framework in Frameworks */ = {isa = PBXBuildFile; fileRef = 9321DAD084FF7E80C80E53E9 /* Pods.framework */; settings = {ATTRIBUTES = (Weak, ); }; };
		A11719CD1A98CBAF00815746 /* classListTableViewController.swift in Sources */ = {isa = PBXBuildFile; fileRef = A11719CC1A98CBAF00815746 /* classListTableViewController.swift */; };
		A11719CE1A98CBAF00815746 /* classListTableViewController.swift in Sources */ = {isa = PBXBuildFile; fileRef = A11719CC1A98CBAF00815746 /* classListTableViewController.swift */; };
		A11719D11A98CECA00815746 /* classListTableViewCellType0.swift in Sources */ = {isa = PBXBuildFile; fileRef = A11719D01A98CECA00815746 /* classListTableViewCellType0.swift */; };
		A11719D21A98CECA00815746 /* classListTableViewCellType0.swift in Sources */ = {isa = PBXBuildFile; fileRef = A11719D01A98CECA00815746 /* classListTableViewCellType0.swift */; };
		A11719EC1A9A5AE700815746 /* testViewController.swift in Sources */ = {isa = PBXBuildFile; fileRef = A11719EB1A9A5AE700815746 /* testViewController.swift */; };
		A11719EE1A9B6F1800815746 /* images in Resources */ = {isa = PBXBuildFile; fileRef = A11719ED1A9B6F1800815746 /* images */; };
		A156486E1A979BF900A1D635 /* webServer.swift in Sources */ = {isa = PBXBuildFile; fileRef = A156486D1A979BF900A1D635 /* webServer.swift */; };
		A15648751A97AAC300A1D635 /* webServer in Resources */ = {isa = PBXBuildFile; fileRef = A15648741A97AAC300A1D635 /* webServer */; };
		A16896C61A9CEB720046F806 /* dialogueTableViewController.swift in Sources */ = {isa = PBXBuildFile; fileRef = A16896C51A9CEB720046F806 /* dialogueTableViewController.swift */; };
		A16896C71A9CEB720046F806 /* dialogueTableViewController.swift in Sources */ = {isa = PBXBuildFile; fileRef = A16896C51A9CEB720046F806 /* dialogueTableViewController.swift */; };
		A16896CB1A9CEF1C0046F806 /* dialogueItemTableViewCell_left.swift in Sources */ = {isa = PBXBuildFile; fileRef = A16896CA1A9CEF1C0046F806 /* dialogueItemTableViewCell_left.swift */; };
		A16896CC1A9CEF1C0046F806 /* dialogueItemTableViewCell_left.swift in Sources */ = {isa = PBXBuildFile; fileRef = A16896CA1A9CEF1C0046F806 /* dialogueItemTableViewCell_left.swift */; };
		A16896CE1A9CF6E40046F806 /* dialogueItemTableViewCell_right.swift in Sources */ = {isa = PBXBuildFile; fileRef = A16896CD1A9CF6E40046F806 /* dialogueItemTableViewCell_right.swift */; };
		A16896CF1A9CF6E40046F806 /* dialogueItemTableViewCell_right.swift in Sources */ = {isa = PBXBuildFile; fileRef = A16896CD1A9CF6E40046F806 /* dialogueItemTableViewCell_right.swift */; };
		A16896D11A9DAB0F0046F806 /* dialogueItemTableViewCell.swift in Sources */ = {isa = PBXBuildFile; fileRef = A16896D01A9DAB0F0046F806 /* dialogueItemTableViewCell.swift */; };
		A16896D21A9DAB0F0046F806 /* dialogueItemTableViewCell.swift in Sources */ = {isa = PBXBuildFile; fileRef = A16896D01A9DAB0F0046F806 /* dialogueItemTableViewCell.swift */; };
		A16896F11A9DFE6D0046F806 /* SQLite.framework in Frameworks */ = {isa = PBXBuildFile; fileRef = A16896E81A9DFE470046F806 /* SQLite.framework */; };
		A16896F31A9DFF520046F806 /* syncData.swift in Sources */ = {isa = PBXBuildFile; fileRef = A16896F21A9DFF520046F806 /* syncData.swift */; };
		A16896F41A9DFF520046F806 /* syncData.swift in Sources */ = {isa = PBXBuildFile; fileRef = A16896F21A9DFF520046F806 /* syncData.swift */; };
		A16896F71A9E03FF0046F806 /* classIntroViewController.swift in Sources */ = {isa = PBXBuildFile; fileRef = A16896F61A9E03FF0046F806 /* classIntroViewController.swift */; };
		A16896F81A9E03FF0046F806 /* classIntroViewController.swift in Sources */ = {isa = PBXBuildFile; fileRef = A16896F61A9E03FF0046F806 /* classIntroViewController.swift */; };
		A1B7FE5C1A9E1E3C005A72B4 /* NotificationCenter.framework in Frameworks */ = {isa = PBXBuildFile; fileRef = A1D788851A9E17DD00CC7BF8 /* NotificationCenter.framework */; };
		A1B7FE661A9E1E3C005A72B4 /* 皮蛋英语.appex in Embed App Extensions */ = {isa = PBXBuildFile; fileRef = A1B7FE5B1A9E1E3C005A72B4 /* 皮蛋英语.appex */; settings = {ATTRIBUTES = (RemoveHeadersOnCopy, ); }; };
		A1B7FE6B1A9E1E73005A72B4 /* TodayViewController.swift in Sources */ = {isa = PBXBuildFile; fileRef = A1B7FE6A1A9E1E73005A72B4 /* TodayViewController.swift */; };
		A1B7FE6D1A9E1E7F005A72B4 /* MainInterface.storyboard in Resources */ = {isa = PBXBuildFile; fileRef = A1B7FE6C1A9E1E7F005A72B4 /* MainInterface.storyboard */; };
		A1B7FE6F1A9E410A005A72B4 /* shopViewController.swift in Sources */ = {isa = PBXBuildFile; fileRef = A1B7FE6E1A9E410A005A72B4 /* shopViewController.swift */; };
		A1B7FE701A9E410A005A72B4 /* shopViewController.swift in Sources */ = {isa = PBXBuildFile; fileRef = A1B7FE6E1A9E410A005A72B4 /* shopViewController.swift */; };
		A1B7FE771A9E5AFD005A72B4 /* StoreKit.framework in Frameworks */ = {isa = PBXBuildFile; fileRef = A1B7FE761A9E5AFD005A72B4 /* StoreKit.framework */; };
		A1B7FE791A9E5CB0005A72B4 /* shop.swift in Sources */ = {isa = PBXBuildFile; fileRef = A1B7FE781A9E5CB0005A72B4 /* shop.swift */; };
		A1B7FE7A1A9E5CB0005A72B4 /* shop.swift in Sources */ = {isa = PBXBuildFile; fileRef = A1B7FE781A9E5CB0005A72B4 /* shop.swift */; };
		A1B7FE7C1A9F2450005A72B4 /* goodsItemTableViewCell.swift in Sources */ = {isa = PBXBuildFile; fileRef = A1B7FE7B1A9F2450005A72B4 /* goodsItemTableViewCell.swift */; };
		A1B7FE7D1A9F2450005A72B4 /* goodsItemTableViewCell.swift in Sources */ = {isa = PBXBuildFile; fileRef = A1B7FE7B1A9F2450005A72B4 /* goodsItemTableViewCell.swift */; };
		A1B7FE7F1A9F8DDF005A72B4 /* dialogueViewController.swift in Sources */ = {isa = PBXBuildFile; fileRef = A1B7FE7E1A9F8DDF005A72B4 /* dialogueViewController.swift */; };
		A1B7FE801A9F8DDF005A72B4 /* dialogueViewController.swift in Sources */ = {isa = PBXBuildFile; fileRef = A1B7FE7E1A9F8DDF005A72B4 /* dialogueViewController.swift */; };
		F95672DDF512E22D9264D437 /* jsonData.swift in Sources */ = {isa = PBXBuildFile; fileRef = F956750497036AD12FB7BE94 /* jsonData.swift */; };
		F95673579E32518813FB4C72 /* Images.xcassets in Resources */ = {isa = PBXBuildFile; fileRef = F956702AA32C0419734623EA /* Images.xcassets */; };
		F9567460F75ACFE229A7F315 /* Main.storyboard in Resources */ = {isa = PBXBuildFile; fileRef = F9567274EE4AB05D508DFE84 /* Main.storyboard */; };
		F95675E6349B36E4FCE9D91E /* jsonData.swift in Sources */ = {isa = PBXBuildFile; fileRef = F956750497036AD12FB7BE94 /* jsonData.swift */; };
		F95676BCA39E47A0144C673B /* classList.json in Resources */ = {isa = PBXBuildFile; fileRef = F95675AB746AAC37DA483DC0 /* classList.json */; };
		F95678E0D51A8FBD2E2AC9FC /* LaunchScreen.xib in Resources */ = {isa = PBXBuildFile; fileRef = F9567ADF68B617A580F5EE2D /* LaunchScreen.xib */; };
		F956794E9B04B20E48D053F7 /* fixedData in Resources */ = {isa = PBXBuildFile; fileRef = F9567A98FD0C448FB5ABC475 /* fixedData */; };
		F9567974FA44B9F0A44FA0E7 /* CTests.swift in Sources */ = {isa = PBXBuildFile; fileRef = F9567B2392B3DCC6406DC0A8 /* CTests.swift */; };
		F95679BEDA93C69F4C60EE79 /* AppDelegate.swift in Sources */ = {isa = PBXBuildFile; fileRef = F9567603599542086DDE365E /* AppDelegate.swift */; };
		F9567F1A8BA370FCDAA1D681 /* ViewController.swift in Sources */ = {isa = PBXBuildFile; fileRef = F9567E1473641D87BB12299F /* ViewController.swift */; };
		F9567F842E62433C72120480 /* classList.json in Resources */ = {isa = PBXBuildFile; fileRef = F95675AB746AAC37DA483DC0 /* classList.json */; };
		F9567FB8DFE38984DB473500 /* fixedData in Resources */ = {isa = PBXBuildFile; fileRef = F9567A98FD0C448FB5ABC475 /* fixedData */; };
/* End PBXBuildFile section */

/* Begin PBXContainerItemProxy section */
		A16896E71A9DFE470046F806 /* PBXContainerItemProxy */ = {
			isa = PBXContainerItemProxy;
			containerPortal = A16896E01A9DFE470046F806 /* SQLite.xcodeproj */;
			proxyType = 2;
			remoteGlobalIDString = DC3773F319C8CBB3004FCF85;
			remoteInfo = "SQLite iOS";
		};
		A16896E91A9DFE470046F806 /* PBXContainerItemProxy */ = {
			isa = PBXContainerItemProxy;
			containerPortal = A16896E01A9DFE470046F806 /* SQLite.xcodeproj */;
			proxyType = 2;
			remoteGlobalIDString = DC3773FE19C8CBB3004FCF85;
			remoteInfo = "SQLite iOS Tests";
		};
		A16896EB1A9DFE470046F806 /* PBXContainerItemProxy */ = {
			isa = PBXContainerItemProxy;
			containerPortal = A16896E01A9DFE470046F806 /* SQLite.xcodeproj */;
			proxyType = 2;
			remoteGlobalIDString = DC37741419C8CC2F004FCF85;
			remoteInfo = "SQLite Mac";
		};
		A16896ED1A9DFE470046F806 /* PBXContainerItemProxy */ = {
			isa = PBXContainerItemProxy;
			containerPortal = A16896E01A9DFE470046F806 /* SQLite.xcodeproj */;
			proxyType = 2;
			remoteGlobalIDString = DC37741E19C8CC2F004FCF85;
			remoteInfo = "SQLite Mac Tests";
		};
		A16896EF1A9DFE5F0046F806 /* PBXContainerItemProxy */ = {
			isa = PBXContainerItemProxy;
			containerPortal = A16896E01A9DFE470046F806 /* SQLite.xcodeproj */;
			proxyType = 1;
			remoteGlobalIDString = DC3773F219C8CBB3004FCF85;
			remoteInfo = "SQLite iOS";
		};
		A1B7FE641A9E1E3C005A72B4 /* PBXContainerItemProxy */ = {
			isa = PBXContainerItemProxy;
			containerPortal = F956749CFBAAAA8FC83180C1 /* Project object */;
			proxyType = 1;
			remoteGlobalIDString = A1B7FE5A1A9E1E3C005A72B4;
			remoteInfo = "皮蛋英语";
		};
		F9567598B1624702EB7DBDC5 /* PBXContainerItemProxy */ = {
			isa = PBXContainerItemProxy;
			containerPortal = F956749CFBAAAA8FC83180C1 /* Project object */;
			proxyType = 1;
			remoteGlobalIDString = F95671E500B20282AAED7109;
			remoteInfo = C;
		};
/* End PBXContainerItemProxy section */

/* Begin PBXCopyFilesBuildPhase section */
		A1D788971A9E17DD00CC7BF8 /* Embed App Extensions */ = {
			isa = PBXCopyFilesBuildPhase;
			buildActionMask = 2147483647;
			dstPath = "";
			dstSubfolderSpec = 13;
			files = (
				A1B7FE661A9E1E3C005A72B4 /* 皮蛋英语.appex in Embed App Extensions */,
			);
			name = "Embed App Extensions";
			runOnlyForDeploymentPostprocessing = 0;
		};
/* End PBXCopyFilesBuildPhase section */

/* Begin PBXFileReference section */
		111895B5D04FDA7A1319CD0C /* Pods.debug.xcconfig */ = {isa = PBXFileReference; includeInIndex = 1; lastKnownFileType = text.xcconfig; name = Pods.debug.xcconfig; path = "Pods/Target Support Files/Pods/Pods.debug.xcconfig"; sourceTree = "<group>"; };
		86454F21C34A83DFA7F9EBF9 /* libPods-CTests.a */ = {isa = PBXFileReference; explicitFileType = archive.ar; includeInIndex = 0; path = "libPods-CTests.a"; sourceTree = BUILT_PRODUCTS_DIR; };
		8E900FCAFC3CEDC0F27184AB /* libPods-C.a */ = {isa = PBXFileReference; explicitFileType = archive.ar; includeInIndex = 0; path = "libPods-C.a"; sourceTree = BUILT_PRODUCTS_DIR; };
		9321DAD084FF7E80C80E53E9 /* Pods.framework */ = {isa = PBXFileReference; explicitFileType = wrapper.framework; includeInIndex = 0; path = Pods.framework; sourceTree = BUILT_PRODUCTS_DIR; };
		A11719CC1A98CBAF00815746 /* classListTableViewController.swift */ = {isa = PBXFileReference; fileEncoding = 4; lastKnownFileType = sourcecode.swift; name = classListTableViewController.swift; path = viewController/classListTableViewController.swift; sourceTree = "<group>"; };
		A11719D01A98CECA00815746 /* classListTableViewCellType0.swift */ = {isa = PBXFileReference; fileEncoding = 4; lastKnownFileType = sourcecode.swift; name = classListTableViewCellType0.swift; path = cell/classListTableViewCellType0.swift; sourceTree = "<group>"; };
		A11719EB1A9A5AE700815746 /* testViewController.swift */ = {isa = PBXFileReference; fileEncoding = 4; lastKnownFileType = sourcecode.swift; name = testViewController.swift; path = viewController/testViewController.swift; sourceTree = "<group>"; };
		A11719ED1A9B6F1800815746 /* images */ = {isa = PBXFileReference; lastKnownFileType = folder; path = images; sourceTree = "<group>"; };
		A156486D1A979BF900A1D635 /* webServer.swift */ = {isa = PBXFileReference; fileEncoding = 4; lastKnownFileType = sourcecode.swift; path = webServer.swift; sourceTree = "<group>"; };
		A15648741A97AAC300A1D635 /* webServer */ = {isa = PBXFileReference; lastKnownFileType = folder; path = webServer; sourceTree = "<group>"; };
		A16896C51A9CEB720046F806 /* dialogueTableViewController.swift */ = {isa = PBXFileReference; fileEncoding = 4; lastKnownFileType = sourcecode.swift; name = dialogueTableViewController.swift; path = viewController/dialogueTableViewController.swift; sourceTree = "<group>"; };
		A16896CA1A9CEF1C0046F806 /* dialogueItemTableViewCell_left.swift */ = {isa = PBXFileReference; fileEncoding = 4; lastKnownFileType = sourcecode.swift; name = dialogueItemTableViewCell_left.swift; path = cell/dialogueItemTableViewCell_left.swift; sourceTree = "<group>"; };
		A16896CD1A9CF6E40046F806 /* dialogueItemTableViewCell_right.swift */ = {isa = PBXFileReference; fileEncoding = 4; lastKnownFileType = sourcecode.swift; name = dialogueItemTableViewCell_right.swift; path = cell/dialogueItemTableViewCell_right.swift; sourceTree = "<group>"; };
		A16896D01A9DAB0F0046F806 /* dialogueItemTableViewCell.swift */ = {isa = PBXFileReference; fileEncoding = 4; lastKnownFileType = sourcecode.swift; name = dialogueItemTableViewCell.swift; path = cell/dialogueItemTableViewCell.swift; sourceTree = "<group>"; };
		A16896E01A9DFE470046F806 /* SQLite.xcodeproj */ = {isa = PBXFileReference; lastKnownFileType = "wrapper.pb-project"; name = SQLite.xcodeproj; path = SQLite.swift/SQLite.xcodeproj; sourceTree = "<group>"; };
		A16896F21A9DFF520046F806 /* syncData.swift */ = {isa = PBXFileReference; fileEncoding = 4; lastKnownFileType = sourcecode.swift; path = syncData.swift; sourceTree = "<group>"; };
		A16896F61A9E03FF0046F806 /* classIntroViewController.swift */ = {isa = PBXFileReference; fileEncoding = 4; lastKnownFileType = sourcecode.swift; name = classIntroViewController.swift; path = viewController/classIntroViewController.swift; sourceTree = "<group>"; };
		A1B7FE5B1A9E1E3C005A72B4 /* 皮蛋英语.appex */ = {isa = PBXFileReference; explicitFileType = "wrapper.app-extension"; includeInIndex = 0; path = "皮蛋英语.appex"; sourceTree = BUILT_PRODUCTS_DIR; };
		A1B7FE5F1A9E1E3C005A72B4 /* Info.plist */ = {isa = PBXFileReference; lastKnownFileType = text.plist.xml; path = Info.plist; sourceTree = "<group>"; };
		A1B7FE6A1A9E1E73005A72B4 /* TodayViewController.swift */ = {isa = PBXFileReference; fileEncoding = 4; lastKnownFileType = sourcecode.swift; path = TodayViewController.swift; sourceTree = "<group>"; };
		A1B7FE6C1A9E1E7F005A72B4 /* MainInterface.storyboard */ = {isa = PBXFileReference; fileEncoding = 4; lastKnownFileType = file.storyboard; path = MainInterface.storyboard; sourceTree = "<group>"; };
		A1B7FE6E1A9E410A005A72B4 /* shopViewController.swift */ = {isa = PBXFileReference; fileEncoding = 4; lastKnownFileType = sourcecode.swift; name = shopViewController.swift; path = viewController/shopViewController.swift; sourceTree = "<group>"; };
		A1B7FE731A9E4996005A72B4 /* 皮蛋英语.entitlements */ = {isa = PBXFileReference; lastKnownFileType = text.xml; path = "皮蛋英语.entitlements"; sourceTree = "<group>"; };
		A1B7FE761A9E5AFD005A72B4 /* StoreKit.framework */ = {isa = PBXFileReference; lastKnownFileType = wrapper.framework; name = StoreKit.framework; path = System/Library/Frameworks/StoreKit.framework; sourceTree = SDKROOT; };
		A1B7FE781A9E5CB0005A72B4 /* shop.swift */ = {isa = PBXFileReference; fileEncoding = 4; lastKnownFileType = sourcecode.swift; path = shop.swift; sourceTree = "<group>"; };
		A1B7FE7B1A9F2450005A72B4 /* goodsItemTableViewCell.swift */ = {isa = PBXFileReference; fileEncoding = 4; lastKnownFileType = sourcecode.swift; name = goodsItemTableViewCell.swift; path = cell/goodsItemTableViewCell.swift; sourceTree = "<group>"; };
		A1B7FE7E1A9F8DDF005A72B4 /* dialogueViewController.swift */ = {isa = PBXFileReference; fileEncoding = 4; lastKnownFileType = sourcecode.swift; name = dialogueViewController.swift; path = viewController/dialogueViewController.swift; sourceTree = "<group>"; };
		A1D788851A9E17DD00CC7BF8 /* NotificationCenter.framework */ = {isa = PBXFileReference; lastKnownFileType = wrapper.framework; name = NotificationCenter.framework; path = System/Library/Frameworks/NotificationCenter.framework; sourceTree = SDKROOT; };
		BDCD70D6E66136274E3C7ED4 /* Pods-CTests.release.xcconfig */ = {isa = PBXFileReference; includeInIndex = 1; lastKnownFileType = text.xcconfig; name = "Pods-CTests.release.xcconfig"; path = "Pods/Target Support Files/Pods-CTests/Pods-CTests.release.xcconfig"; sourceTree = "<group>"; };
		F0FDD4005233E1484B07FDC9 /* Pods.release.xcconfig */ = {isa = PBXFileReference; includeInIndex = 1; lastKnownFileType = text.xcconfig; name = Pods.release.xcconfig; path = "Pods/Target Support Files/Pods/Pods.release.xcconfig"; sourceTree = "<group>"; };
		F511322D78455B1476C52269 /* Pods-CTests.debug.xcconfig */ = {isa = PBXFileReference; includeInIndex = 1; lastKnownFileType = text.xcconfig; name = "Pods-CTests.debug.xcconfig"; path = "Pods/Target Support Files/Pods-CTests/Pods-CTests.debug.xcconfig"; sourceTree = "<group>"; };
		F956702AA32C0419734623EA /* Images.xcassets */ = {isa = PBXFileReference; lastKnownFileType = folder.assetcatalog; path = Images.xcassets; sourceTree = "<group>"; };
		F95670B561C1770792B60792 /* CTests.xctest */ = {isa = PBXFileReference; explicitFileType = wrapper.cfbundle; includeInIndex = 0; path = CTests.xctest; sourceTree = BUILT_PRODUCTS_DIR; };
		F956714FB5799FED0CB99430 /* Info.plist */ = {isa = PBXFileReference; lastKnownFileType = text.plist.info; path = Info.plist; sourceTree = "<group>"; };
		F956750497036AD12FB7BE94 /* jsonData.swift */ = {isa = PBXFileReference; fileEncoding = 4; lastKnownFileType = sourcecode.swift; path = jsonData.swift; sourceTree = "<group>"; };
		F956759A1C7F01C3C6AEFFFA /* Base */ = {isa = PBXFileReference; lastKnownFileType = file.xib; name = Base; path = Base.lproj/LaunchScreen.xib; sourceTree = "<group>"; };
		F95675AB746AAC37DA483DC0 /* classList.json */ = {isa = PBXFileReference; lastKnownFileType = file.json; name = classList.json; path = webServer/classList.json; sourceTree = "<group>"; };
		F9567603599542086DDE365E /* AppDelegate.swift */ = {isa = PBXFileReference; lastKnownFileType = sourcecode.swift; path = AppDelegate.swift; sourceTree = "<group>"; };
		F95676F7701935F8021AC106 /* Base */ = {isa = PBXFileReference; lastKnownFileType = file.storyboard; name = Base; path = Base.lproj/Main.storyboard; sourceTree = "<group>"; };
		F956783E26415FFCA5840BB2 /* Info.plist */ = {isa = PBXFileReference; lastKnownFileType = text.plist.info; path = Info.plist; sourceTree = "<group>"; };
		F9567A98FD0C448FB5ABC475 /* fixedData */ = {isa = PBXFileReference; lastKnownFileType = folder; path = fixedData; sourceTree = "<group>"; };
		F9567B2392B3DCC6406DC0A8 /* CTests.swift */ = {isa = PBXFileReference; lastKnownFileType = sourcecode.swift; path = CTests.swift; sourceTree = "<group>"; };
		F9567D5A4C8269225F655AE9 /* C.app */ = {isa = PBXFileReference; explicitFileType = wrapper.application; includeInIndex = 0; path = C.app; sourceTree = BUILT_PRODUCTS_DIR; };
		F9567E1473641D87BB12299F /* ViewController.swift */ = {isa = PBXFileReference; lastKnownFileType = sourcecode.swift; path = ViewController.swift; sourceTree = "<group>"; };
/* End PBXFileReference section */

/* Begin PBXFrameworksBuildPhase section */
		A1B7FE581A9E1E3C005A72B4 /* Frameworks */ = {
			isa = PBXFrameworksBuildPhase;
			buildActionMask = 2147483647;
			files = (
				A1B7FE5C1A9E1E3C005A72B4 /* NotificationCenter.framework in Frameworks */,
			);
			runOnlyForDeploymentPostprocessing = 0;
		};
		F95672DF886D58775B6E4FCD /* Frameworks */ = {
			isa = PBXFrameworksBuildPhase;
			buildActionMask = 2147483647;
			files = (
				1F87CB5C62AA41F5C648A4B5 /* Pods.framework in Frameworks */,
			);
			runOnlyForDeploymentPostprocessing = 0;
		};
		F9567B85309F081A00CFA409 /* Frameworks */ = {
			isa = PBXFrameworksBuildPhase;
			buildActionMask = 2147483647;
			files = (
				A1B7FE771A9E5AFD005A72B4 /* StoreKit.framework in Frameworks */,
				A16896F11A9DFE6D0046F806 /* SQLite.framework in Frameworks */,
				8BECA46167AEC165AF1961E8 /* Pods.framework in Frameworks */,
			);
			runOnlyForDeploymentPostprocessing = 0;
		};
/* End PBXFrameworksBuildPhase section */

/* Begin PBXGroup section */
		3E9C72B5AF98A66A1DD52F13 /* Frameworks */ = {
			isa = PBXGroup;
			children = (
				A1B7FE761A9E5AFD005A72B4 /* StoreKit.framework */,
				8E900FCAFC3CEDC0F27184AB /* libPods-C.a */,
				86454F21C34A83DFA7F9EBF9 /* libPods-CTests.a */,
				9321DAD084FF7E80C80E53E9 /* Pods.framework */,
				A1D788851A9E17DD00CC7BF8 /* NotificationCenter.framework */,
			);
			name = Frameworks;
			sourceTree = "<group>";
		};
		7EB8454AFF7E74F2753629CF /* Pods */ = {
			isa = PBXGroup;
			children = (
				111895B5D04FDA7A1319CD0C /* Pods.debug.xcconfig */,
				F0FDD4005233E1484B07FDC9 /* Pods.release.xcconfig */,
				F511322D78455B1476C52269 /* Pods-CTests.debug.xcconfig */,
				BDCD70D6E66136274E3C7ED4 /* Pods-CTests.release.xcconfig */,
			);
			name = Pods;
			sourceTree = "<group>";
		};
		A11719C81A98CA9000815746 /* viewController */ = {
			isa = PBXGroup;
			children = (
				A11719CC1A98CBAF00815746 /* classListTableViewController.swift */,
				F9567E1473641D87BB12299F /* ViewController.swift */,
				A11719EB1A9A5AE700815746 /* testViewController.swift */,
				A16896C51A9CEB720046F806 /* dialogueTableViewController.swift */,
				A16896F61A9E03FF0046F806 /* classIntroViewController.swift */,
				A1B7FE6E1A9E410A005A72B4 /* shopViewController.swift */,
				A1B7FE7E1A9F8DDF005A72B4 /* dialogueViewController.swift */,
			);
			name = viewController;
			sourceTree = "<group>";
		};
		A11719CF1A98CE9100815746 /* cell */ = {
			isa = PBXGroup;
			children = (
				A11719D01A98CECA00815746 /* classListTableViewCellType0.swift */,
				A16896CA1A9CEF1C0046F806 /* dialogueItemTableViewCell_left.swift */,
				A16896CD1A9CF6E40046F806 /* dialogueItemTableViewCell_right.swift */,
				A16896D01A9DAB0F0046F806 /* dialogueItemTableViewCell.swift */,
				A1B7FE7B1A9F2450005A72B4 /* goodsItemTableViewCell.swift */,
			);
			name = cell;
			sourceTree = "<group>";
		};
		A156486C1A979BDF00A1D635 /* webServer */ = {
			isa = PBXGroup;
			children = (
				A156486D1A979BF900A1D635 /* webServer.swift */,
			);
			name = webServer;
			sourceTree = "<group>";
		};
		A16896E11A9DFE470046F806 /* Products */ = {
			isa = PBXGroup;
			children = (
				A16896E81A9DFE470046F806 /* SQLite.framework */,
				A16896EA1A9DFE470046F806 /* SQLite iOS Tests.xctest */,
				A16896EC1A9DFE470046F806 /* SQLite.framework */,
				A16896EE1A9DFE470046F806 /* SQLite Mac Tests.xctest */,
			);
			name = Products;
			sourceTree = "<group>";
		};
		A1B7FE5D1A9E1E3C005A72B4 /* 皮蛋英语 */ = {
			isa = PBXGroup;
			children = (
				A1B7FE731A9E4996005A72B4 /* 皮蛋英语.entitlements */,
				A1B7FE6C1A9E1E7F005A72B4 /* MainInterface.storyboard */,
				A1B7FE6A1A9E1E73005A72B4 /* TodayViewController.swift */,
				A1B7FE5E1A9E1E3C005A72B4 /* Supporting Files */,
			);
			path = "皮蛋英语";
			sourceTree = "<group>";
		};
		A1B7FE5E1A9E1E3C005A72B4 /* Supporting Files */ = {
			isa = PBXGroup;
			children = (
				A1B7FE5F1A9E1E3C005A72B4 /* Info.plist */,
			);
			name = "Supporting Files";
			sourceTree = "<group>";
		};
		F956707834E55AA0E013668D /* C */ = {
			isa = PBXGroup;
			children = (
				A11719CF1A98CE9100815746 /* cell */,
				A11719C81A98CA9000815746 /* viewController */,
				F9567B54047DC0A72B247E08 /* Supporting Files */,
				F956702AA32C0419734623EA /* Images.xcassets */,
				F9567ADF68B617A580F5EE2D /* LaunchScreen.xib */,
				F9567603599542086DDE365E /* AppDelegate.swift */,
				F9567274EE4AB05D508DFE84 /* Main.storyboard */,
			);
			path = C;
			sourceTree = "<group>";
		};
		F95671BCABE1A5167D1F40D1 /* CTests */ = {
			isa = PBXGroup;
			children = (
				F956765852580705B5022301 /* Supporting Files */,
				F9567B2392B3DCC6406DC0A8 /* CTests.swift */,
			);
			path = CTests;
			sourceTree = "<group>";
		};
		F95674A103235A947255BFFC /* publicClass */ = {
			isa = PBXGroup;
			children = (
				F956750497036AD12FB7BE94 /* jsonData.swift */,
				A16896F21A9DFF520046F806 /* syncData.swift */,
				A1B7FE781A9E5CB0005A72B4 /* shop.swift */,
			);
			path = publicClass;
			sourceTree = "<group>";
		};
		F956765852580705B5022301 /* Supporting Files */ = {
			isa = PBXGroup;
			children = (
				F956783E26415FFCA5840BB2 /* Info.plist */,
			);
			name = "Supporting Files";
			sourceTree = "<group>";
		};
		F9567B54047DC0A72B247E08 /* Supporting Files */ = {
			isa = PBXGroup;
			children = (
				F956714FB5799FED0CB99430 /* Info.plist */,
			);
			name = "Supporting Files";
			sourceTree = "<group>";
		};
		F9567D42087129DBF45BC0C1 /* Products */ = {
			isa = PBXGroup;
			children = (
				F9567D5A4C8269225F655AE9 /* C.app */,
				F95670B561C1770792B60792 /* CTests.xctest */,
				A1B7FE5B1A9E1E3C005A72B4 /* 皮蛋英语.appex */,
			);
			name = Products;
			sourceTree = "<group>";
		};
		F9567D46EE88D0EB6BF6771C = {
			isa = PBXGroup;
			children = (
				A16896E01A9DFE470046F806 /* SQLite.xcodeproj */,
				A11719ED1A9B6F1800815746 /* images */,
				A15648741A97AAC300A1D635 /* webServer */,
				A156486C1A979BDF00A1D635 /* webServer */,
				A1B7FE5D1A9E1E3C005A72B4 /* 皮蛋英语 */,
				F9567D42087129DBF45BC0C1 /* Products */,
				F956707834E55AA0E013668D /* C */,
				F95671BCABE1A5167D1F40D1 /* CTests */,
				7EB8454AFF7E74F2753629CF /* Pods */,
				3E9C72B5AF98A66A1DD52F13 /* Frameworks */,
				F9567A98FD0C448FB5ABC475 /* fixedData */,
				F95674A103235A947255BFFC /* publicClass */,
				F95675AB746AAC37DA483DC0 /* classList.json */,
			);
			sourceTree = "<group>";
		};
/* End PBXGroup section */

/* Begin PBXNativeTarget section */
		A1B7FE5A1A9E1E3C005A72B4 /* 皮蛋英语 */ = {
			isa = PBXNativeTarget;
			buildConfigurationList = A1B7FE671A9E1E3C005A72B4 /* Build configuration list for PBXNativeTarget "皮蛋英语" */;
			buildPhases = (
				A1B7FE571A9E1E3C005A72B4 /* Sources */,
				A1B7FE581A9E1E3C005A72B4 /* Frameworks */,
				A1B7FE591A9E1E3C005A72B4 /* Resources */,
			);
			buildRules = (
			);
			dependencies = (
			);
			name = "皮蛋英语";
			productName = "皮蛋英语";
			productReference = A1B7FE5B1A9E1E3C005A72B4 /* 皮蛋英语.appex */;
			productType = "com.apple.product-type.app-extension";
		};
		F95671E500B20282AAED7109 /* C */ = {
			isa = PBXNativeTarget;
			buildConfigurationList = F95679EB4395F14BF56489ED /* Build configuration list for PBXNativeTarget "C" */;
			buildPhases = (
				DFCCAE889A97F7978981A993 /* Check Pods Manifest.lock */,
				F956724ED6908F15E8B31232 /* Sources */,
				F9567B85309F081A00CFA409 /* Frameworks */,
				F95673E0EB9DFC1FACFC223E /* Resources */,
				7AF2F48E5C40934102A713AA /* Copy Pods Resources */,
				49640F0198B9D60A4D219250 /* Embed Pods Frameworks */,
				A1D788971A9E17DD00CC7BF8 /* Embed App Extensions */,
			);
			buildRules = (
			);
			dependencies = (
				A16896F01A9DFE5F0046F806 /* PBXTargetDependency */,
				A1B7FE651A9E1E3C005A72B4 /* PBXTargetDependency */,
			);
			name = C;
			productName = C;
			productReference = F9567D5A4C8269225F655AE9 /* C.app */;
			productType = "com.apple.product-type.application";
		};
		F95675AEA954467C958C0166 /* CTests */ = {
			isa = PBXNativeTarget;
			buildConfigurationList = F95678B02F886212E73200FD /* Build configuration list for PBXNativeTarget "CTests" */;
			buildPhases = (
				B6392E56B13DF8BE3A9B8E96 /* Check Pods Manifest.lock */,
				F9567E2B804CA65DAA911E73 /* Sources */,
				F95672DF886D58775B6E4FCD /* Frameworks */,
				F95673CF9C60731A222211F4 /* Resources */,
				DCB18744C40E7CB57515AAC0 /* Copy Pods Resources */,
				41ED99B9A1064B6797DB7ADB /* Embed Pods Frameworks */,
			);
			buildRules = (
			);
			dependencies = (
				F9567FC488D03D16C5673329 /* PBXTargetDependency */,
			);
			name = CTests;
			productName = CTests;
			productReference = F95670B561C1770792B60792 /* CTests.xctest */;
			productType = "com.apple.product-type.bundle.unit-test";
		};
/* End PBXNativeTarget section */

/* Begin PBXProject section */
		F956749CFBAAAA8FC83180C1 /* Project object */ = {
			isa = PBXProject;
			attributes = {
				ORGANIZATIONNAME = "___FULLUSERNAME___";
				TargetAttributes = {
					A1B7FE5A1A9E1E3C005A72B4 = {
						CreatedOnToolsVersion = 6.1.1;
						DevelopmentTeam = SK8W4L32D6;
						SystemCapabilities = {
							com.apple.OMC = {
								enabled = 1;
							};
						};
					};
					F95671E500B20282AAED7109 = {
						DevelopmentTeam = SK8W4L32D6;
						SystemCapabilities = {
							com.apple.InAppPurchase = {
								enabled = 1;
							};
						};
					};
				};
			};
			buildConfigurationList = F9567EC3A08A31027DDFB605 /* Build configuration list for PBXProject "C" */;
			compatibilityVersion = "Xcode 3.2";
			developmentRegion = English;
			hasScannedForEncodings = 0;
			knownRegions = (
				en,
			);
			mainGroup = F9567D46EE88D0EB6BF6771C;
			productRefGroup = F9567D42087129DBF45BC0C1 /* Products */;
			projectDirPath = "";
			projectReferences = (
				{
					ProductGroup = A16896E11A9DFE470046F806 /* Products */;
					ProjectRef = A16896E01A9DFE470046F806 /* SQLite.xcodeproj */;
				},
			);
			projectRoot = "";
			targets = (
				F95671E500B20282AAED7109 /* C */,
				F95675AEA954467C958C0166 /* CTests */,
				A1B7FE5A1A9E1E3C005A72B4 /* 皮蛋英语 */,
			);
		};
/* End PBXProject section */

/* Begin PBXReferenceProxy section */
		A16896E81A9DFE470046F806 /* SQLite.framework */ = {
			isa = PBXReferenceProxy;
			fileType = wrapper.framework;
			path = SQLite.framework;
			remoteRef = A16896E71A9DFE470046F806 /* PBXContainerItemProxy */;
			sourceTree = BUILT_PRODUCTS_DIR;
		};
		A16896EA1A9DFE470046F806 /* SQLite iOS Tests.xctest */ = {
			isa = PBXReferenceProxy;
			fileType = wrapper.cfbundle;
			path = "SQLite iOS Tests.xctest";
			remoteRef = A16896E91A9DFE470046F806 /* PBXContainerItemProxy */;
			sourceTree = BUILT_PRODUCTS_DIR;
		};
		A16896EC1A9DFE470046F806 /* SQLite.framework */ = {
			isa = PBXReferenceProxy;
			fileType = wrapper.framework;
			path = SQLite.framework;
			remoteRef = A16896EB1A9DFE470046F806 /* PBXContainerItemProxy */;
			sourceTree = BUILT_PRODUCTS_DIR;
		};
		A16896EE1A9DFE470046F806 /* SQLite Mac Tests.xctest */ = {
			isa = PBXReferenceProxy;
			fileType = wrapper.cfbundle;
			path = "SQLite Mac Tests.xctest";
			remoteRef = A16896ED1A9DFE470046F806 /* PBXContainerItemProxy */;
			sourceTree = BUILT_PRODUCTS_DIR;
		};
/* End PBXReferenceProxy section */

/* Begin PBXResourcesBuildPhase section */
		A1B7FE591A9E1E3C005A72B4 /* Resources */ = {
			isa = PBXResourcesBuildPhase;
			buildActionMask = 2147483647;
			files = (
				A1B7FE6D1A9E1E7F005A72B4 /* MainInterface.storyboard in Resources */,
			);
			runOnlyForDeploymentPostprocessing = 0;
		};
		F95673CF9C60731A222211F4 /* Resources */ = {
			isa = PBXResourcesBuildPhase;
			buildActionMask = 2147483647;
			files = (
				F9567FB8DFE38984DB473500 /* fixedData in Resources */,
				F95676BCA39E47A0144C673B /* classList.json in Resources */,
			);
			runOnlyForDeploymentPostprocessing = 0;
		};
		F95673E0EB9DFC1FACFC223E /* Resources */ = {
			isa = PBXResourcesBuildPhase;
			buildActionMask = 2147483647;
			files = (
				A11719EE1A9B6F1800815746 /* images in Resources */,
				A15648751A97AAC300A1D635 /* webServer in Resources */,
				F95673579E32518813FB4C72 /* Images.xcassets in Resources */,
				F95678E0D51A8FBD2E2AC9FC /* LaunchScreen.xib in Resources */,
				F9567460F75ACFE229A7F315 /* Main.storyboard in Resources */,
				F956794E9B04B20E48D053F7 /* fixedData in Resources */,
				F9567F842E62433C72120480 /* classList.json in Resources */,
			);
			runOnlyForDeploymentPostprocessing = 0;
		};
/* End PBXResourcesBuildPhase section */

/* Begin PBXShellScriptBuildPhase section */
		41ED99B9A1064B6797DB7ADB /* Embed Pods Frameworks */ = {
			isa = PBXShellScriptBuildPhase;
			buildActionMask = 2147483647;
			files = (
			);
			inputPaths = (
			);
			name = "Embed Pods Frameworks";
			outputPaths = (
			);
			runOnlyForDeploymentPostprocessing = 0;
			shellPath = /bin/sh;
			shellScript = "\"${SRCROOT}/Pods/Target Support Files/Pods/Pods-frameworks.sh\"\n";
			showEnvVarsInLog = 0;
		};
		49640F0198B9D60A4D219250 /* Embed Pods Frameworks */ = {
			isa = PBXShellScriptBuildPhase;
			buildActionMask = 2147483647;
			files = (
			);
			inputPaths = (
			);
			name = "Embed Pods Frameworks";
			outputPaths = (
			);
			runOnlyForDeploymentPostprocessing = 0;
			shellPath = /bin/sh;
			shellScript = "\"${SRCROOT}/Pods/Target Support Files/Pods/Pods-frameworks.sh\"\n";
			showEnvVarsInLog = 0;
		};
		7AF2F48E5C40934102A713AA /* Copy Pods Resources */ = {
			isa = PBXShellScriptBuildPhase;
			buildActionMask = 2147483647;
			files = (
			);
			inputPaths = (
			);
			name = "Copy Pods Resources";
			outputPaths = (
			);
			runOnlyForDeploymentPostprocessing = 0;
			shellPath = /bin/sh;
			shellScript = "\"${SRCROOT}/Pods/Target Support Files/Pods/Pods-resources.sh\"\n";
			showEnvVarsInLog = 0;
		};
		B6392E56B13DF8BE3A9B8E96 /* Check Pods Manifest.lock */ = {
			isa = PBXShellScriptBuildPhase;
			buildActionMask = 2147483647;
			files = (
			);
			inputPaths = (
			);
			name = "Check Pods Manifest.lock";
			outputPaths = (
			);
			runOnlyForDeploymentPostprocessing = 0;
			shellPath = /bin/sh;
			shellScript = "diff \"${PODS_ROOT}/../Podfile.lock\" \"${PODS_ROOT}/Manifest.lock\" > /dev/null\nif [[ $? != 0 ]] ; then\n    cat << EOM\nerror: The sandbox is not in sync with the Podfile.lock. Run 'pod install' or update your CocoaPods installation.\nEOM\n    exit 1\nfi\n";
			showEnvVarsInLog = 0;
		};
		DCB18744C40E7CB57515AAC0 /* Copy Pods Resources */ = {
			isa = PBXShellScriptBuildPhase;
			buildActionMask = 2147483647;
			files = (
			);
			inputPaths = (
			);
			name = "Copy Pods Resources";
			outputPaths = (
			);
			runOnlyForDeploymentPostprocessing = 0;
			shellPath = /bin/sh;
			shellScript = "\"${SRCROOT}/Pods/Target Support Files/Pods/Pods-resources.sh\"\n";
			showEnvVarsInLog = 0;
		};
		DFCCAE889A97F7978981A993 /* Check Pods Manifest.lock */ = {
			isa = PBXShellScriptBuildPhase;
			buildActionMask = 2147483647;
			files = (
			);
			inputPaths = (
			);
			name = "Check Pods Manifest.lock";
			outputPaths = (
			);
			runOnlyForDeploymentPostprocessing = 0;
			shellPath = /bin/sh;
			shellScript = "diff \"${PODS_ROOT}/../Podfile.lock\" \"${PODS_ROOT}/Manifest.lock\" > /dev/null\nif [[ $? != 0 ]] ; then\n    cat << EOM\nerror: The sandbox is not in sync with the Podfile.lock. Run 'pod install' or update your CocoaPods installation.\nEOM\n    exit 1\nfi\n";
			showEnvVarsInLog = 0;
		};
/* End PBXShellScriptBuildPhase section */

/* Begin PBXSourcesBuildPhase section */
		A1B7FE571A9E1E3C005A72B4 /* Sources */ = {
			isa = PBXSourcesBuildPhase;
			buildActionMask = 2147483647;
			files = (
				A1B7FE6B1A9E1E73005A72B4 /* TodayViewController.swift in Sources */,
			);
			runOnlyForDeploymentPostprocessing = 0;
		};
		F956724ED6908F15E8B31232 /* Sources */ = {
			isa = PBXSourcesBuildPhase;
			buildActionMask = 2147483647;
			files = (
				A1B7FE791A9E5CB0005A72B4 /* shop.swift in Sources */,
				A1B7FE6F1A9E410A005A72B4 /* shopViewController.swift in Sources */,
				A11719EC1A9A5AE700815746 /* testViewController.swift in Sources */,
				A16896F31A9DFF520046F806 /* syncData.swift in Sources */,
				A11719D11A98CECA00815746 /* classListTableViewCellType0.swift in Sources */,
				A1B7FE7C1A9F2450005A72B4 /* goodsItemTableViewCell.swift in Sources */,
				A16896C61A9CEB720046F806 /* dialogueTableViewController.swift in Sources */,
				F95679BEDA93C69F4C60EE79 /* AppDelegate.swift in Sources */,
				A16896F71A9E03FF0046F806 /* classIntroViewController.swift in Sources */,
				F9567F1A8BA370FCDAA1D681 /* ViewController.swift in Sources */,
				A16896D11A9DAB0F0046F806 /* dialogueItemTableViewCell.swift in Sources */,
				A16896CB1A9CEF1C0046F806 /* dialogueItemTableViewCell_left.swift in Sources */,
				A1B7FE7F1A9F8DDF005A72B4 /* dialogueViewController.swift in Sources */,
				A11719CD1A98CBAF00815746 /* classListTableViewController.swift in Sources */,
				A16896CE1A9CF6E40046F806 /* dialogueItemTableViewCell_right.swift in Sources */,
				A156486E1A979BF900A1D635 /* webServer.swift in Sources */,
				F95672DDF512E22D9264D437 /* jsonData.swift in Sources */,
			);
			runOnlyForDeploymentPostprocessing = 0;
		};
		F9567E2B804CA65DAA911E73 /* Sources */ = {
			isa = PBXSourcesBuildPhase;
			buildActionMask = 2147483647;
			files = (
				A11719D21A98CECA00815746 /* classListTableViewCellType0.swift in Sources */,
				A11719CE1A98CBAF00815746 /* classListTableViewController.swift in Sources */,
				A16896CC1A9CEF1C0046F806 /* dialogueItemTableViewCell_left.swift in Sources */,
				A1B7FE7D1A9F2450005A72B4 /* goodsItemTableViewCell.swift in Sources */,
				A1B7FE7A1A9E5CB0005A72B4 /* shop.swift in Sources */,
				A1B7FE701A9E410A005A72B4 /* shopViewController.swift in Sources */,
				A1B7FE801A9F8DDF005A72B4 /* dialogueViewController.swift in Sources */,
				F9567974FA44B9F0A44FA0E7 /* CTests.swift in Sources */,
				A16896CF1A9CF6E40046F806 /* dialogueItemTableViewCell_right.swift in Sources */,
				A16896C71A9CEB720046F806 /* dialogueTableViewController.swift in Sources */,
				A16896D21A9DAB0F0046F806 /* dialogueItemTableViewCell.swift in Sources */,
				A16896F41A9DFF520046F806 /* syncData.swift in Sources */,
				A16896F81A9E03FF0046F806 /* classIntroViewController.swift in Sources */,
				F95675E6349B36E4FCE9D91E /* jsonData.swift in Sources */,
			);
			runOnlyForDeploymentPostprocessing = 0;
		};
/* End PBXSourcesBuildPhase section */

/* Begin PBXTargetDependency section */
		A16896F01A9DFE5F0046F806 /* PBXTargetDependency */ = {
			isa = PBXTargetDependency;
			name = "SQLite iOS";
			targetProxy = A16896EF1A9DFE5F0046F806 /* PBXContainerItemProxy */;
		};
		A1B7FE651A9E1E3C005A72B4 /* PBXTargetDependency */ = {
			isa = PBXTargetDependency;
			target = A1B7FE5A1A9E1E3C005A72B4 /* 皮蛋英语 */;
			targetProxy = A1B7FE641A9E1E3C005A72B4 /* PBXContainerItemProxy */;
		};
		F9567FC488D03D16C5673329 /* PBXTargetDependency */ = {
			isa = PBXTargetDependency;
			target = F95671E500B20282AAED7109 /* C */;
			targetProxy = F9567598B1624702EB7DBDC5 /* PBXContainerItemProxy */;
		};
/* End PBXTargetDependency section */

/* Begin PBXVariantGroup section */
		F9567274EE4AB05D508DFE84 /* Main.storyboard */ = {
			isa = PBXVariantGroup;
			children = (
				F95676F7701935F8021AC106 /* Base */,
			);
			name = Main.storyboard;
			sourceTree = "<group>";
		};
		F9567ADF68B617A580F5EE2D /* LaunchScreen.xib */ = {
			isa = PBXVariantGroup;
			children = (
				F956759A1C7F01C3C6AEFFFA /* Base */,
			);
			name = LaunchScreen.xib;
			sourceTree = "<group>";
		};
/* End PBXVariantGroup section */

/* Begin XCBuildConfiguration section */
		A1B7FE681A9E1E3C005A72B4 /* Debug */ = {
			isa = XCBuildConfiguration;
			buildSettings = {
				CODE_SIGN_ENTITLEMENTS = "皮蛋英语/皮蛋英语.entitlements";
				CODE_SIGN_IDENTITY = "iPhone Developer";
				"CODE_SIGN_IDENTITY[sdk=iphoneos*]" = "iPhone Developer";
				GCC_PREPROCESSOR_DEFINITIONS = (
					"DEBUG=1",
					"$(inherited)",
				);
				INFOPLIST_FILE = "皮蛋英语/Info.plist";
				LD_RUNPATH_SEARCH_PATHS = "$(inherited) @executable_path/Frameworks @executable_path/../../Frameworks";
				PRODUCT_NAME = "$(TARGET_NAME)";
				PROVISIONING_PROFILE = "";
				SKIP_INSTALL = YES;
			};
			name = Debug;
		};
		A1B7FE691A9E1E3C005A72B4 /* Release */ = {
			isa = XCBuildConfiguration;
			buildSettings = {
				CODE_SIGN_ENTITLEMENTS = "皮蛋英语/皮蛋英语.entitlements";
				CODE_SIGN_IDENTITY = "iPhone Developer";
				"CODE_SIGN_IDENTITY[sdk=iphoneos*]" = "iPhone Developer";
				INFOPLIST_FILE = "皮蛋英语/Info.plist";
				LD_RUNPATH_SEARCH_PATHS = "$(inherited) @executable_path/Frameworks @executable_path/../../Frameworks";
				PRODUCT_NAME = "$(TARGET_NAME)";
				PROVISIONING_PROFILE = "";
				SKIP_INSTALL = YES;
			};
			name = Release;
		};
		F956739E8B8E89537578A394 /* Debug */ = {
			isa = XCBuildConfiguration;
			baseConfigurationReference = 111895B5D04FDA7A1319CD0C /* Pods.debug.xcconfig */;
			buildSettings = {
				ALWAYS_SEARCH_USER_PATHS = NO;
				BUNDLE_LOADER = "$(BUILT_PRODUCTS_DIR)/C.app/C";
				CLANG_ENABLE_MODULES = YES;
				FRAMEWORK_SEARCH_PATHS = (
					"$(SDKROOT)/Developer/Library/Frameworks",
					"$(inherited)",
				);
				INFOPLIST_FILE = CTests/Info.plist;
				LD_RUNPATH_SEARCH_PATHS = "$(inherited) @executable_path/Frameworks @loader_path/Frameworks";
				PRODUCT_NAME = "$(TARGET_NAME)";
				SWIFT_INSTALL_OBJC_HEADER = NO;
				SWIFT_OBJC_BRIDGING_HEADER = "";
				SWIFT_OPTIMIZATION_LEVEL = "-Onone";
				TEST_HOST = "$(BUNDLE_LOADER)";
			};
			name = Debug;
		};
		F9567464F055224329E211CB /* Release */ = {
			isa = XCBuildConfiguration;
			baseConfigurationReference = BDCD70D6E66136274E3C7ED4 /* Pods-CTests.release.xcconfig */;
			buildSettings = {
				ALWAYS_SEARCH_USER_PATHS = NO;
				BUNDLE_LOADER = "$(BUILT_PRODUCTS_DIR)/C.app/C";
				CLANG_ENABLE_MODULES = YES;
				FRAMEWORK_SEARCH_PATHS = (
					"$(SDKROOT)/Developer/Library/Frameworks",
					"$(inherited)",
				);
				INFOPLIST_FILE = CTests/Info.plist;
				LD_RUNPATH_SEARCH_PATHS = "$(inherited) @executable_path/Frameworks @loader_path/Frameworks";
				PRODUCT_NAME = "$(TARGET_NAME)";
				SWIFT_INSTALL_OBJC_HEADER = NO;
				SWIFT_OBJC_BRIDGING_HEADER = "";
				TEST_HOST = "$(BUNDLE_LOADER)";
			};
			name = Release;
		};
		F95674C7476A9DA862076A95 /* Debug */ = {
			isa = XCBuildConfiguration;
			baseConfigurationReference = 111895B5D04FDA7A1319CD0C /* Pods.debug.xcconfig */;
			buildSettings = {
				ASSETCATALOG_COMPILER_APPICON_NAME = AppIcon;
				CLANG_ENABLE_MODULES = YES;
				CODE_SIGN_IDENTITY = "iPhone Developer";
				"CODE_SIGN_IDENTITY[sdk=iphoneos*]" = "iPhone Developer";
				EMBEDDED_CONTENT_CONTAINS_SWIFT = YES;
				INFOPLIST_FILE = C/Info.plist;
				LD_RUNPATH_SEARCH_PATHS = "$(inherited) @executable_path/Frameworks";
				ONLY_ACTIVE_ARCH = YES;
				PRODUCT_NAME = "$(TARGET_NAME)";
				PROVISIONING_PROFILE = "";
				SWIFT_INSTALL_OBJC_HEADER = NO;
				SWIFT_OBJC_BRIDGING_HEADER = "";
				SWIFT_OPTIMIZATION_LEVEL = "-Onone";
			};
			name = Debug;
		};
		F956782A430F75CEEA97E895 /* Debug */ = {
			isa = XCBuildConfiguration;
			buildSettings = {
				ALWAYS_SEARCH_USER_PATHS = NO;
				CLANG_CXX_LANGUAGE_STANDARD = "gnu++0x";
				CLANG_CXX_LIBRARY = "libc++";
				CLANG_ENABLE_MODULES = YES;
				CLANG_ENABLE_OBJC_ARC = YES;
				CLANG_WARN_BOOL_CONVERSION = YES;
				CLANG_WARN_CONSTANT_CONVERSION = YES;
				CLANG_WARN_DIRECT_OBJC_ISA_USAGE = YES_ERROR;
				CLANG_WARN_EMPTY_BODY = YES;
				CLANG_WARN_ENUM_CONVERSION = YES;
				CLANG_WARN_INT_CONVERSION = YES;
				CLANG_WARN_OBJC_ROOT_CLASS = YES_ERROR;
				CLANG_WARN_UNREACHABLE_CODE = YES;
				CLANG_WARN__DUPLICATE_METHOD_MATCH = YES;
				"CODE_SIGN_IDENTITY[sdk=iphoneos*]" = "iPhone Developer";
				COPY_PHASE_STRIP = NO;
				ENABLE_STRICT_OBJC_MSGSEND = YES;
				GCC_C_LANGUAGE_STANDARD = gnu99;
				GCC_DYNAMIC_NO_PIC = NO;
				GCC_OPTIMIZATION_LEVEL = 0;
				GCC_PREPROCESSOR_DEFINITIONS = (
					"DEBUG=1",
					"$(inherited)",
				);
				GCC_SYMBOLS_PRIVATE_EXTERN = NO;
				GCC_WARN_64_TO_32_BIT_CONVERSION = YES;
				GCC_WARN_ABOUT_RETURN_TYPE = YES_ERROR;
				GCC_WARN_UNDECLARED_SELECTOR = YES;
				GCC_WARN_UNINITIALIZED_AUTOS = YES_AGGRESSIVE;
				GCC_WARN_UNUSED_FUNCTION = YES;
				GCC_WARN_UNUSED_VARIABLE = YES;
				IPHONEOS_DEPLOYMENT_TARGET = 8.1;
				MTL_ENABLE_DEBUG_INFO = YES;
				ONLY_ACTIVE_ARCH = YES;
				SDKROOT = iphoneos;
				SWIFT_OPTIMIZATION_LEVEL = "-Onone";
				TARGETED_DEVICE_FAMILY = "1,2";
			};
			name = Debug;
		};
		F9567A11473B47B0888AC9D2 /* Release */ = {
			isa = XCBuildConfiguration;
			baseConfigurationReference = F0FDD4005233E1484B07FDC9 /* Pods.release.xcconfig */;
			buildSettings = {
				ASSETCATALOG_COMPILER_APPICON_NAME = AppIcon;
				CLANG_ENABLE_MODULES = YES;
				CODE_SIGN_IDENTITY = "iPhone Developer";
				"CODE_SIGN_IDENTITY[sdk=iphoneos*]" = "iPhone Developer";
				EMBEDDED_CONTENT_CONTAINS_SWIFT = YES;
				INFOPLIST_FILE = C/Info.plist;
				LD_RUNPATH_SEARCH_PATHS = "$(inherited) @executable_path/Frameworks";
				PRODUCT_NAME = "$(TARGET_NAME)";
				PROVISIONING_PROFILE = "";
				SWIFT_INSTALL_OBJC_HEADER = NO;
				SWIFT_OBJC_BRIDGING_HEADER = "";
			};
			name = Release;
		};
		F9567CA11C94FDFAE690326B /* Release */ = {
			isa = XCBuildConfiguration;
			buildSettings = {
				ALWAYS_SEARCH_USER_PATHS = NO;
				CLANG_CXX_LANGUAGE_STANDARD = "gnu++0x";
				CLANG_CXX_LIBRARY = "libc++";
				CLANG_ENABLE_MODULES = YES;
				CLANG_ENABLE_OBJC_ARC = YES;
				CLANG_WARN_BOOL_CONVERSION = YES;
				CLANG_WARN_CONSTANT_CONVERSION = YES;
				CLANG_WARN_DIRECT_OBJC_ISA_USAGE = YES_ERROR;
				CLANG_WARN_EMPTY_BODY = YES;
				CLANG_WARN_ENUM_CONVERSION = YES;
				CLANG_WARN_INT_CONVERSION = YES;
				CLANG_WARN_OBJC_ROOT_CLASS = YES_ERROR;
				CLANG_WARN_UNREACHABLE_CODE = YES;
				CLANG_WARN__DUPLICATE_METHOD_MATCH = YES;
				"CODE_SIGN_IDENTITY[sdk=iphoneos*]" = "iPhone Developer";
				COPY_PHASE_STRIP = YES;
				ENABLE_NS_ASSERTIONS = NO;
				ENABLE_STRICT_OBJC_MSGSEND = YES;
				GCC_C_LANGUAGE_STANDARD = gnu99;
				GCC_WARN_64_TO_32_BIT_CONVERSION = YES;
				GCC_WARN_ABOUT_RETURN_TYPE = YES_ERROR;
				GCC_WARN_UNDECLARED_SELECTOR = YES;
				GCC_WARN_UNINITIALIZED_AUTOS = YES_AGGRESSIVE;
				GCC_WARN_UNUSED_FUNCTION = YES;
				GCC_WARN_UNUSED_VARIABLE = YES;
				IPHONEOS_DEPLOYMENT_TARGET = 8.1;
				MTL_ENABLE_DEBUG_INFO = NO;
				SDKROOT = iphoneos;
				TARGETED_DEVICE_FAMILY = "1,2";
				VALIDATE_PRODUCT = YES;
			};
			name = Release;
		};
/* End XCBuildConfiguration section */

/* Begin XCConfigurationList section */
		A1B7FE671A9E1E3C005A72B4 /* Build configuration list for PBXNativeTarget "皮蛋英语" */ = {
			isa = XCConfigurationList;
			buildConfigurations = (
				A1B7FE681A9E1E3C005A72B4 /* Debug */,
				A1B7FE691A9E1E3C005A72B4 /* Release */,
			);
			defaultConfigurationIsVisible = 0;
		};
		F95678B02F886212E73200FD /* Build configuration list for PBXNativeTarget "CTests" */ = {
			isa = XCConfigurationList;
			buildConfigurations = (
				F956739E8B8E89537578A394 /* Debug */,
				F9567464F055224329E211CB /* Release */,
			);
			defaultConfigurationIsVisible = 0;
			defaultConfigurationName = Release;
		};
		F95679EB4395F14BF56489ED /* Build configuration list for PBXNativeTarget "C" */ = {
			isa = XCConfigurationList;
			buildConfigurations = (
				F95674C7476A9DA862076A95 /* Debug */,
				F9567A11473B47B0888AC9D2 /* Release */,
			);
			defaultConfigurationIsVisible = 0;
			defaultConfigurationName = Release;
		};
		F9567EC3A08A31027DDFB605 /* Build configuration list for PBXProject "C" */ = {
			isa = XCConfigurationList;
			buildConfigurations = (
				F956782A430F75CEEA97E895 /* Debug */,
				F9567CA11C94FDFAE690326B /* Release */,
			);
			defaultConfigurationIsVisible = 0;
			defaultConfigurationName = Release;
		};
/* End XCConfigurationList section */
	};
	rootObject = F956749CFBAAAA8FC83180C1 /* Project object */;
}
